
Microsoft Visual Studio Solution File, Format Version 12.00
# Visual Studio Version 17
VisualStudioVersion = 17.3.32804.467
MinimumVisualStudioVersion = 10.0.40219.1
Project("{9A19103F-16F7-4668-BE54-9A1E7A4F7556}") = "TrackingAPI", "TrackingAPI\TrackingAPI.csproj", "{465F91E4-19B4-44CF-A12F-05BAFD04995F}"
EndProject
Project("{9A19103F-16F7-4668-BE54-9A1E7A4F7556}") = "Tracking.client", "Tracking.client\Tracking.client.csproj", "{B309C9B7-0546-4C44-A891-7B31EA4CC92D}"
EndProject
Global
	GlobalSection(SolutionConfigurationPlatforms) = preSolution
		Debug|Any CPU = Debug|Any CPU
		Release|Any CPU = Release|Any CPU
	EndGlobalSection
	GlobalSection(ProjectConfigurationPlatforms) = postSolution
		{465F91E4-19B4-44CF-A12F-05BAFD04995F}.Debug|Any CPU.ActiveCfg = Debug|Any CPU
		{465F91E4-19B4-44CF-A12F-05BAFD04995F}.Debug|Any CPU.Build.0 = Debug|Any CPU
		{465F91E4-19B4-44CF-A12F-05BAFD04995F}.Release|Any CPU.ActiveCfg = Release|Any CPU
		{465F91E4-19B4-44CF-A12F-05BAFD04995F}.Release|Any CPU.Build.0 = Release|Any CPU
		{B309C9B7-0546-4C44-A891-7B31EA4CC92D}.Debug|Any CPU.ActiveCfg = Debug|Any CPU
		{B309C9B7-0546-4C44-A891-7B31EA4CC92D}.Debug|Any CPU.Build.0 = Debug|Any CPU
		{B309C9B7-0546-4C44-A891-7B31EA4CC92D}.Release|Any CPU.ActiveCfg = Release|Any CPU
		{B309C9B7-0546-4C44-A891-7B31EA4CC92D}.Release|Any CPU.Build.0 = Release|Any CPU
	EndGlobalSection
	GlobalSection(SolutionProperties) = preSolution
		HideSolutionNode = FALSE
	EndGlobalSection
	GlobalSection(ExtensibilityGlobals) = postSolution
		SolutionGuid = {558F4117-8EA9-45DF-BA54-1681C1472173}
	EndGlobalSection
EndGlobal
